
Microsoft Visual Studio Solution File, Format Version 12.00
# Visual Studio Version 17
VisualStudioVersion = 17.14.36109.1 d17.14
MinimumVisualStudioVersion = 10.0.40219.1
Project("{FAE04EC0-301F-11D3-BF4B-00C04F79EFBC}") = "FTPClient", "FTPClient\FTPClient.csproj", "{55FDB503-6B39-4FB5-A844-C2A72BCA8D65}"
EndProject
Global
	GlobalSection(SolutionConfigurationPlatforms) = preSolution
		Debug|Any CPU = Debug|Any CPU
		Release|Any CPU = Release|Any CPU
	EndGlobalSection
	GlobalSection(ProjectConfigurationPlatforms) = postSolution
		{55FDB503-6B39-4FB5-A844-C2A72BCA8D65}.Debug|Any CPU.ActiveCfg = Debug|Any CPU
		{55FDB503-6B39-4FB5-A844-C2A72BCA8D65}.Debug|Any CPU.Build.0 = Debug|Any CPU
		{55FDB503-6B39-4FB5-A844-C2A72BCA8D65}.Release|Any CPU.ActiveCfg = Release|Any CPU
		{55FDB503-6B39-4FB5-A844-C2A72BCA8D65}.Release|Any CPU.Build.0 = Release|Any CPU
	EndGlobalSection
	GlobalSection(SolutionProperties) = preSolution
		HideSolutionNode = FALSE
	EndGlobalSection
	GlobalSection(ExtensibilityGlobals) = postSolution
		SolutionGuid = {96C74CC5-A157-4480-A795-4D63105E7365}
	EndGlobalSection
EndGlobal
